// !$*UTF8*$!
{
	archiveVersion = 1;
	classes = {
	};
	objectVersion = 46;
	objects = {

/* Begin PBXBuildFile section */
		F33D539C1C43C58200E63422 /* main.m in Sources */ = {isa = PBXBuildFile; fileRef = F33D539B1C43C58200E63422 /* main.m */; };
		F33D539F1C43C58200E63422 /* AppDelegate.m in Sources */ = {isa = PBXBuildFile; fileRef = F33D539E1C43C58200E63422 /* AppDelegate.m */; };
		F33D53A21C43C58200E63422 /* ViewController.m in Sources */ = {isa = PBXBuildFile; fileRef = F33D53A11C43C58200E63422 /* ViewController.m */; };
		F33D53A51C43C58200E63422 /* Main.storyboard in Resources */ = {isa = PBXBuildFile; fileRef = F33D53A31C43C58200E63422 /* Main.storyboard */; };
		F33D53A71C43C58200E63422 /* Assets.xcassets in Resources */ = {isa = PBXBuildFile; fileRef = F33D53A61C43C58200E63422 /* Assets.xcassets */; };
		F33D53AA1C43C58200E63422 /* LaunchScreen.storyboard in Resources */ = {isa = PBXBuildFile; fileRef = F33D53A81C43C58200E63422 /* LaunchScreen.storyboard */; };
/* End PBXBuildFile section */

/* Begin PBXFileReference section */
		F33D53971C43C58200E63422 /* DecodeTest.app */ = {isa = PBXFileReference; explicitFileType = wrapper.application; includeInIndex = 0; path = DecodeTest.app; sourceTree = BUILT_PRODUCTS_DIR; };
		F33D539B1C43C58200E63422 /* main.m */ = {isa = PBXFileReference; lastKnownFileType = sourcecode.c.objc; path = main.m; sourceTree = "<group>"; };
		F33D539D1C43C58200E63422 /* AppDelegate.h */ = {isa = PBXFileReference; lastKnownFileType = sourcecode.c.h; path = AppDelegate.h; sourceTree = "<group>"; };
		F33D539E1C43C58200E63422 /* AppDelegate.m */ = {isa = PBXFileReference; lastKnownFileType = sourcecode.c.objc; path = AppDelegate.m; sourceTree = "<group>"; };
		F33D53A01C43C58200E63422 /* ViewController.h */ = {isa = PBXFileReference; lastKnownFileType = sourcecode.c.h; path = ViewController.h; sourceTree = "<group>"; };
		F33D53A11C43C58200E63422 /* ViewController.m */ = {isa = PBXFileReference; lastKnownFileType = sourcecode.c.objc; path = ViewController.m; sourceTree = "<group>"; };
		F33D53A41C43C58200E63422 /* Base */ = {isa = PBXFileReference; lastKnownFileType = file.storyboard; name = Base; path = Base.lproj/Main.storyboard; sourceTree = "<group>"; };
		F33D53A61C43C58200E63422 /* Assets.xcassets */ = {isa = PBXFileReference; lastKnownFileType = folder.assetcatalog; path = Assets.xcassets; sourceTree = "<group>"; };
		F33D53A91C43C58200E63422 /* Base */ = {isa = PBXFileReference; lastKnownFileType = file.storyboard; name = Base; path = Base.lproj/LaunchScreen.storyboard; sourceTree = "<group>"; };
		F33D53AB1C43C58200E63422 /* Info.plist */ = {isa = PBXFileReference; lastKnownFileType = text.plist.xml; path = Info.plist; sourceTree = "<group>"; };
/* End PBXFileReference section */

/* Begin PBXFrameworksBuildPhase section */
		F33D53941C43C58200E63422 /* Frameworks */ = {
			isa = PBXFrameworksBuildPhase;
			buildActionMask = 2147483647;
			files = (
			);
			runOnlyForDeploymentPostprocessing = 0;
		};
/* End PBXFrameworksBuildPhase section */

/* Begin PBXGroup section */
		F33D538E1C43C58200E63422 = {
			isa = PBXGroup;
			children = (
				F33D53991C43C58200E63422 /* DecodeTest */,
				F33D53981C43C58200E63422 /* Products */,
			);
			sourceTree = "<group>";
		};
		F33D53981C43C58200E63422 /* Products */ = {
			isa = PBXGroup;
			children = (
				F33D53971C43C58200E63422 /* DecodeTest.app */,
			);
			name = Products;
			sourceTree = "<group>";
		};
		F33D53991C43C58200E63422 /* DecodeTest */ = {
			isa = PBXGroup;
			children = (
				F33D539D1C43C58200E63422 /* AppDelegate.h */,
				F33D539E1C43C58200E63422 /* AppDelegate.m */,
				F33D53A01C43C58200E63422 /* ViewController.h */,
				F33D53A11C43C58200E63422 /* ViewController.m */,
				F33D53A31C43C58200E63422 /* Main.storyboard */,
				F33D53A61C43C58200E63422 /* Assets.xcassets */,
				F33D53A81C43C58200E63422 /* LaunchScreen.storyboard */,
				F33D53AB1C43C58200E63422 /* Info.plist */,
				F33D539A1C43C58200E63422 /* Supporting Files */,
			);
			path = DecodeTest;
			sourceTree = "<group>";
		};
		F33D539A1C43C58200E63422 /* Supporting Files */ = {
			isa = PBXGroup;
			children = (
				F33D539B1C43C58200E63422 /* main.m */,
			);
			name = "Supporting Files";
			sourceTree = "<group>";
		};
/* End PBXGroup section */

/* Begin PBXNativeTarget section */
		F33D53961C43C58200E63422 /* DecodeTest */ = {
			isa = PBXNativeTarget;
			buildConfigurationList = F33D53AE1C43C58200E63422 /* Build configuration list for PBXNativeTarget "DecodeTest" */;
			buildPhases = (
				F33D53931C43C58200E63422 /* Sources */,
				F33D53941C43C58200E63422 /* Frameworks */,
				F33D53951C43C58200E63422 /* Resources */,
			);
			buildRules = (
			);
			dependencies = (
			);
			name = DecodeTest;
			productName = DecodeTest;
			productReference = F33D53971C43C58200E63422 /* DecodeTest.app */;
			productType = "com.apple.product-type.application";
		};
/* End PBXNativeTarget section */

/* Begin PBXProject section */
		F33D538F1C43C58200E63422 /* Project object */ = {
			isa = PBXProject;
			attributes = {
				LastUpgradeCheck = 0710;
				ORGANIZATIONNAME = demo;
				TargetAttributes = {
					F33D53961C43C58200E63422 = {
						CreatedOnToolsVersion = 7.1;
					};
				};
			};
			buildConfigurationList = F33D53921C43C58200E63422 /* Build configuration list for PBXProject "DecodeTest" */;
			compatibilityVersion = "Xcode 3.2";
			developmentRegion = English;
			hasScannedForEncodings = 0;
			knownRegions = (
				en,
				Base,
			);
			mainGroup = F33D538E1C43C58200E63422;
			productRefGroup = F33D53981C43C58200E63422 /* Products */;
			projectDirPath = "";
			projectRoot = "";
			targets = (
				F33D53961C43C58200E63422 /* DecodeTest */,
			);
		};
/* End PBXProject section */

/* Begin PBXResourcesBuildPhase section */
		F33D53951C43C58200E63422 /* Resources */ = {
			isa = PBXResourcesBuildPhase;
			buildActionMask = 2147483647;
			files = (
				F33D53AA1C43C58200E63422 /* LaunchScreen.storyboard in Resources */,
				F33D53A71C43C58200E63422 /* Assets.xcassets in Resources */,
				F33D53A51C43C58200E63422 /* Main.storyboard in Resources */,
			);
			runOnlyForDeploymentPostprocessing = 0;
		};
/* End PBXResourcesBuildPhase section */

/* Begin PBXSourcesBuildPhase section */
		F33D53931C43C58200E63422 /* Sources */ = {
			isa = PBXSourcesBuildPhase;
			buildActionMask = 2147483647;
			files = (
				F33D53A21C43C58200E63422 /* ViewController.m in Sources */,
				F33D539F1C43C58200E63422 /* AppDelegate.m in Sources */,
				F33D539C1C43C58200E63422 /* main.m in Sources */,
			);
			runOnlyForDeploymentPostprocessing = 0;
		};
/* End PBXSourcesBuildPhase section */

/* Begin PBXVariantGroup section */
		F33D53A31C43C58200E63422 /* Main.storyboard */ = {
			isa = PBXVariantGroup;
			children = (
				F33D53A41C43C58200E63422 /* Base */,
			);
			name = Main.storyboard;
			sourceTree = "<group>";
		};
		F33D53A81C43C58200E63422 /* LaunchScreen.storyboard */ = {
			isa = PBXVariantGroup;
			children = (
				F33D53A91C43C58200E63422 /* Base */,
			);
			name = LaunchScreen.storyboard;
			sourceTree = "<group>";
		};
/* End PBXVariantGroup section */

/* Begin XCBuildConfiguration section */
		F33D53AC1C43C58200E63422 /* Debug */ = {
			isa = XCBuildConfiguration;
			buildSettings = {
				ALWAYS_SEARCH_USER_PATHS = NO;
				CLANG_CXX_LANGUAGE_STANDARD = "gnu++0x";
				CLANG_CXX_LIBRARY = "libc++";
				CLANG_ENABLE_MODULES = YES;
				CLANG_ENABLE_OBJC_ARC = YES;
				CLANG_WARN_BOOL_CONVERSION = YES;
				CLANG_WARN_CONSTANT_CONVERSION = YES;
				CLANG_WARN_DIRECT_OBJC_ISA_USAGE = YES_ERROR;
				CLANG_WARN_EMPTY_BODY = YES;
				CLANG_WARN_ENUM_CONVERSION = YES;
				CLANG_WARN_INT_CONVERSION = YES;
				CLANG_WARN_OBJC_ROOT_CLASS = YES_ERROR;
				CLANG_WARN_UNREACHABLE_CODE = YES;
				CLANG_WARN__DUPLICATE_METHOD_MATCH = YES;
				"CODE_SIGN_IDENTITY[sdk=iphoneos*]" = "iPhone Developer";
				COPY_PHASE_STRIP = NO;
				DEBUG_INFORMATION_FORMAT = dwarf;
				ENABLE_STRICT_OBJC_MSGSEND = YES;
				ENABLE_TESTABILITY = YES;
				GCC_C_LANGUAGE_STANDARD = gnu99;
				GCC_DYNAMIC_NO_PIC = NO;
				GCC_NO_COMMON_BLOCKS = YES;
				GCC_OPTIMIZATION_LEVEL = 0;
				GCC_PREPROCESSOR_DEFINITIONS = (
					"DEBUG=1",
					"$(inherited)",
				);
				GCC_WARN_64_TO_32_BIT_CONVERSION = YES;
				GCC_WARN_ABOUT_RETURN_TYPE = YES_ERROR;
				GCC_WARN_UNDECLARED_SELECTOR = YES;
				GCC_WARN_UNINITIALIZED_AUTOS = YES_AGGRESSIVE;
				GCC_WARN_UNUSED_FUNCTION = YES;
				GCC_WARN_UNUSED_VARIABLE = YES;
				IPHONEOS_DEPLOYMENT_TARGET = 9.1;
				MTL_ENABLE_DEBUG_INFO = YES;
				ONLY_ACTIVE_ARCH = YES;
				SDKROOT = iphoneos;
			};
			name = Debug;
		};
		F33D53AD1C43C58200E63422 /* Release */ = {
			isa = XCBuildConfiguration;
			buildSettings = {
				ALWAYS_SEARCH_USER_PATHS = NO;
				CLANG_CXX_LANGUAGE_STANDARD = "gnu++0x";
				CLANG_CXX_LIBRARY = "libc++";
				CLANG_ENABLE_MODULES = YES;
				CLANG_ENABLE_OBJC_ARC = YES;
				CLANG_WARN_BOOL_CONVERSION = YES;
				CLANG_WARN_CONSTANT_CONVERSION = YES;
				CLANG_WARN_DIRECT_OBJC_ISA_USAGE = YES_ERROR;
				CLANG_WARN_EMPTY_BODY = YES;
				CLANG_WARN_ENUM_CONVERSION = YES;
				CLANG_WARN_INT_CONVERSION = YES;
				CLANG_WARN_OBJC_ROOT_CLASS = YES_ERROR;
				CLANG_WARN_UNREACHABLE_CODE = YES;
				CLANG_WARN__DUPLICATE_METHOD_MATCH = YES;
				"CODE_SIGN_IDENTITY[sdk=iphoneos*]" = "iPhone Developer";
				COPY_PHASE_STRIP = NO;
				DEBUG_INFORMATION_FORMAT = "dwarf-with-dsym";
				ENABLE_NS_ASSERTIONS = NO;
				ENABLE_STRICT_OBJC_MSGSEND = YES;
				GCC_C_LANGUAGE_STANDARD = gnu99;
				GCC_NO_COMMON_BLOCKS = YES;
				GCC_WARN_64_TO_32_BIT_CONVERSION = YES;
				GCC_WARN_ABOUT_RETURN_TYPE = YES_ERROR;
				GCC_WARN_UNDECLARED_SELECTOR = YES;
				GCC_WARN_UNINITIALIZED_AUTOS = YES_AGGRESSIVE;
				GCC_WARN_UNUSED_FUNCTION = YES;
				GCC_WARN_UNUSED_VARIABLE = YES;
				IPHONEOS_DEPLOYMENT_TARGET = 9.1;
				MTL_ENABLE_DEBUG_INFO = NO;
				SDKROOT = iphoneos;
				VALIDATE_PRODUCT = YES;
			};
			name = Release;
		};
		F33D53AF1C43C58200E63422 /* Debug */ = {
			isa = XCBuildConfiguration;
			buildSettings = {
				ASSETCATALOG_COMPILER_APPICON_NAME = AppIcon;
				INFOPLIST_FILE = DecodeTest/Info.plist;
				LD_RUNPATH_SEARCH_PATHS = "$(inherited) @executable_path/Frameworks";
				PRODUCT_BUNDLE_IDENTIFIER = demo.DecodeTest;
				PRODUCT_NAME = "$(TARGET_NAME)";
			};
			name = Debug;
		};
		F33D53B01C43C58200E63422 /* Release */ = {
			isa = XCBuildConfiguration;
			buildSettings = {
				ASSETCATALOG_COMPILER_APPICON_NAME = AppIcon;
				INFOPLIST_FILE = DecodeTest/Info.plist;
				LD_RUNPATH_SEARCH_PATHS = "$(inherited) @executable_path/Frameworks";
				PRODUCT_BUNDLE_IDENTIFIER = demo.DecodeTest;
				PRODUCT_NAME = "$(TARGET_NAME)";
			};
			name = Release;
		};
/* End XCBuildConfiguration section */

/* Begin XCConfigurationList section */
		F33D53921C43C58200E63422 /* Build configuration list for PBXProject "DecodeTest" */ = {
			isa = XCConfigurationList;
			buildConfigurations = (
				F33D53AC1C43C58200E63422 /* Debug */,
				F33D53AD1C43C58200E63422 /* Release */,
			);
			defaultConfigurationIsVisible = 0;
			defaultConfigurationName = Release;
		};
		F33D53AE1C43C58200E63422 /* Build configuration list for PBXNativeTarget "DecodeTest" */ = {
			isa = XCConfigurationList;
			buildConfigurations = (
				F33D53AF1C43C58200E63422 /* Debug */,
				F33D53B01C43C58200E63422 /* Release */,
			);
			defaultConfigurationIsVisible = 0;
		};
/* End XCConfigurationList section */
	};
	rootObject = F33D538F1C43C58200E63422 /* Project object */;
}
